// !$*UTF8*$!
{
	archiveVersion = 1;
	classes = {
	};
	objectVersion = 46;
	objects = {

/* Begin PBXBuildFile section */
		387BCC6E1F023FCC0052A700 /* AppDelegate.swift in Sources */ = {isa = PBXBuildFile; fileRef = 387BCC6D1F023FCC0052A700 /* AppDelegate.swift */; };
		387BCC701F023FCC0052A700 /* ViewController.swift in Sources */ = {isa = PBXBuildFile; fileRef = 387BCC6F1F023FCC0052A700 /* ViewController.swift */; };
		387BCC731F023FCC0052A700 /* Main.storyboard in Resources */ = {isa = PBXBuildFile; fileRef = 387BCC711F023FCC0052A700 /* Main.storyboard */; };
		387BCC751F023FCC0052A700 /* Assets.xcassets in Resources */ = {isa = PBXBuildFile; fileRef = 387BCC741F023FCC0052A700 /* Assets.xcassets */; };
		387BCC781F023FCC0052A700 /* LaunchScreen.storyboard in Resources */ = {isa = PBXBuildFile; fileRef = 387BCC761F023FCC0052A700 /* LaunchScreen.storyboard */; };
		387BCC911F02410E0052A700 /* DefaultDismissAnimation.m in Sources */ = {isa = PBXBuildFile; fileRef = 387BCC841F02410E0052A700 /* DefaultDismissAnimation.m */; };
		387BCC921F02410E0052A700 /* DefaultPresentAnimation.m in Sources */ = {isa = PBXBuildFile; fileRef = 387BCC861F02410E0052A700 /* DefaultPresentAnimation.m */; };
		387BCC941F02410E0052A700 /* PresentTransitioningDelegate.m in Sources */ = {isa = PBXBuildFile; fileRef = 387BCC8A1F02410E0052A700 /* PresentTransitioningDelegate.m */; };
		387BCC951F02410E0052A700 /* SwipeUpInteractiveTransition.m in Sources */ = {isa = PBXBuildFile; fileRef = 387BCC8D1F02410E0052A700 /* SwipeUpInteractiveTransition.m */; };
		387BCC961F02410E0052A700 /* UIViewController+Ts.m in Sources */ = {isa = PBXBuildFile; fileRef = 387BCC8F1F02410E0052A700 /* UIViewController+Ts.m */; };
/* End PBXBuildFile section */

/* Begin PBXFileReference section */
		387BCC6A1F023FCC0052A700 /* CrediteaseAnimationDemo.app */ = {isa = PBXFileReference; explicitFileType = wrapper.application; includeInIndex = 0; path = CrediteaseAnimationDemo.app; sourceTree = BUILT_PRODUCTS_DIR; };
		387BCC6D1F023FCC0052A700 /* AppDelegate.swift */ = {isa = PBXFileReference; lastKnownFileType = sourcecode.swift; path = AppDelegate.swift; sourceTree = "<group>"; };
		387BCC6F1F023FCC0052A700 /* ViewController.swift */ = {isa = PBXFileReference; lastKnownFileType = sourcecode.swift; path = ViewController.swift; sourceTree = "<group>"; };
		387BCC721F023FCC0052A700 /* Base */ = {isa = PBXFileReference; lastKnownFileType = file.storyboard; name = Base; path = Base.lproj/Main.storyboard; sourceTree = "<group>"; };
		387BCC741F023FCC0052A700 /* Assets.xcassets */ = {isa = PBXFileReference; lastKnownFileType = folder.assetcatalog; path = Assets.xcassets; sourceTree = "<group>"; };
		387BCC771F023FCC0052A700 /* Base */ = {isa = PBXFileReference; lastKnownFileType = file.storyboard; name = Base; path = Base.lproj/LaunchScreen.storyboard; sourceTree = "<group>"; };
		387BCC791F023FCC0052A700 /* Info.plist */ = {isa = PBXFileReference; lastKnownFileType = text.plist.xml; path = Info.plist; sourceTree = "<group>"; };
		387BCC801F02410E0052A700 /* CrediteaseAnimationDemo-Bridging-Header.h */ = {isa = PBXFileReference; lastKnownFileType = sourcecode.c.h; path = "CrediteaseAnimationDemo-Bridging-Header.h"; sourceTree = "<group>"; };
		387BCC821F02410E0052A700 /* DefaultAnimationProtocol.h */ = {isa = PBXFileReference; fileEncoding = 4; lastKnownFileType = sourcecode.c.h; name = DefaultAnimationProtocol.h; path = CrediteaseAnimation/DefaultAnimationProtocol.h; sourceTree = "<group>"; };
		387BCC831F02410E0052A700 /* DefaultDismissAnimation.h */ = {isa = PBXFileReference; fileEncoding = 4; lastKnownFileType = sourcecode.c.h; name = DefaultDismissAnimation.h; path = CrediteaseAnimation/DefaultDismissAnimation.h; sourceTree = "<group>"; };
		387BCC841F02410E0052A700 /* DefaultDismissAnimation.m */ = {isa = PBXFileReference; fileEncoding = 4; lastKnownFileType = sourcecode.c.objc; name = DefaultDismissAnimation.m; path = CrediteaseAnimation/DefaultDismissAnimation.m; sourceTree = "<group>"; };
		387BCC851F02410E0052A700 /* DefaultPresentAnimation.h */ = {isa = PBXFileReference; fileEncoding = 4; lastKnownFileType = sourcecode.c.h; name = DefaultPresentAnimation.h; path = CrediteaseAnimation/DefaultPresentAnimation.h; sourceTree = "<group>"; };
		387BCC861F02410E0052A700 /* DefaultPresentAnimation.m */ = {isa = PBXFileReference; fileEncoding = 4; lastKnownFileType = sourcecode.c.objc; name = DefaultPresentAnimation.m; path = CrediteaseAnimation/DefaultPresentAnimation.m; sourceTree = "<group>"; };
		387BCC891F02410E0052A700 /* PresentTransitioningDelegate.h */ = {isa = PBXFileReference; fileEncoding = 4; lastKnownFileType = sourcecode.c.h; name = PresentTransitioningDelegate.h; path = CrediteaseAnimation/PresentTransitioningDelegate.h; sourceTree = "<group>"; };
		387BCC8A1F02410E0052A700 /* PresentTransitioningDelegate.m */ = {isa = PBXFileReference; fileEncoding = 4; lastKnownFileType = sourcecode.c.objc; name = PresentTransitioningDelegate.m; path = CrediteaseAnimation/PresentTransitioningDelegate.m; sourceTree = "<group>"; };
		387BCC8C1F02410E0052A700 /* SwipeUpInteractiveTransition.h */ = {isa = PBXFileReference; fileEncoding = 4; lastKnownFileType = sourcecode.c.h; name = SwipeUpInteractiveTransition.h; path = CrediteaseAnimation/SwipeUpInteractiveTransition.h; sourceTree = "<group>"; };
		387BCC8D1F02410E0052A700 /* SwipeUpInteractiveTransition.m */ = {isa = PBXFileReference; fileEncoding = 4; lastKnownFileType = sourcecode.c.objc; name = SwipeUpInteractiveTransition.m; path = CrediteaseAnimation/SwipeUpInteractiveTransition.m; sourceTree = "<group>"; };
		387BCC8E1F02410E0052A700 /* UIViewController+Ts.h */ = {isa = PBXFileReference; fileEncoding = 4; lastKnownFileType = sourcecode.c.h; name = "UIViewController+Ts.h"; path = "CrediteaseAnimation/UIViewController+Ts.h"; sourceTree = "<group>"; };
		387BCC8F1F02410E0052A700 /* UIViewController+Ts.m */ = {isa = PBXFileReference; fileEncoding = 4; lastKnownFileType = sourcecode.c.objc; name = "UIViewController+Ts.m"; path = "CrediteaseAnimation/UIViewController+Ts.m"; sourceTree = "<group>"; };
/* End PBXFileReference section */

/* Begin PBXFrameworksBuildPhase section */
		387BCC671F023FCC0052A700 /* Frameworks */ = {
			isa = PBXFrameworksBuildPhase;
			buildActionMask = 2147483647;
			files = (
			);
			runOnlyForDeploymentPostprocessing = 0;
		};
/* End PBXFrameworksBuildPhase section */

/* Begin PBXGroup section */
		387BCC611F023FCC0052A700 = {
			isa = PBXGroup;
			children = (
				387BCC6C1F023FCC0052A700 /* CrediteaseAnimationDemo */,
				387BCC6B1F023FCC0052A700 /* Products */,
			);
			sourceTree = "<group>";
		};
		387BCC6B1F023FCC0052A700 /* Products */ = {
			isa = PBXGroup;
			children = (
				387BCC6A1F023FCC0052A700 /* CrediteaseAnimationDemo.app */,
			);
			name = Products;
			sourceTree = "<group>";
		};
		387BCC6C1F023FCC0052A700 /* CrediteaseAnimationDemo */ = {
			isa = PBXGroup;
			children = (
				387BCC7F1F02409F0052A700 /* CrediteaseAnimation */,
				387BCC6D1F023FCC0052A700 /* AppDelegate.swift */,
				387BCC6F1F023FCC0052A700 /* ViewController.swift */,
				387BCC801F02410E0052A700 /* CrediteaseAnimationDemo-Bridging-Header.h */,
				387BCC711F023FCC0052A700 /* Main.storyboard */,
				387BCC741F023FCC0052A700 /* Assets.xcassets */,
				387BCC761F023FCC0052A700 /* LaunchScreen.storyboard */,
				387BCC791F023FCC0052A700 /* Info.plist */,
			);
			path = CrediteaseAnimationDemo;
			sourceTree = "<group>";
		};
		387BCC7F1F02409F0052A700 /* CrediteaseAnimation */ = {
			isa = PBXGroup;
			children = (
				387BCC821F02410E0052A700 /* DefaultAnimationProtocol.h */,
				387BCC831F02410E0052A700 /* DefaultDismissAnimation.h */,
				387BCC841F02410E0052A700 /* DefaultDismissAnimation.m */,
				387BCC851F02410E0052A700 /* DefaultPresentAnimation.h */,
				387BCC861F02410E0052A700 /* DefaultPresentAnimation.m */,
				387BCC891F02410E0052A700 /* PresentTransitioningDelegate.h */,
				387BCC8A1F02410E0052A700 /* PresentTransitioningDelegate.m */,
				387BCC8C1F02410E0052A700 /* SwipeUpInteractiveTransition.h */,
				387BCC8D1F02410E0052A700 /* SwipeUpInteractiveTransition.m */,
				387BCC8E1F02410E0052A700 /* UIViewController+Ts.h */,
				387BCC8F1F02410E0052A700 /* UIViewController+Ts.m */,
			);
			name = CrediteaseAnimation;
			sourceTree = "<group>";
		};
/* End PBXGroup section */

/* Begin PBXNativeTarget section */
		387BCC691F023FCC0052A700 /* CrediteaseAnimationDemo */ = {
			isa = PBXNativeTarget;
			buildConfigurationList = 387BCC7C1F023FCC0052A700 /* Build configuration list for PBXNativeTarget "CrediteaseAnimationDemo" */;
			buildPhases = (
				387BCC661F023FCC0052A700 /* Sources */,
				387BCC671F023FCC0052A700 /* Frameworks */,
				387BCC681F023FCC0052A700 /* Resources */,
			);
			buildRules = (
			);
			dependencies = (
			);
			name = CrediteaseAnimationDemo;
			productName = CrediteaseAnimationDemo;
			productReference = 387BCC6A1F023FCC0052A700 /* CrediteaseAnimationDemo.app */;
			productType = "com.apple.product-type.application";
		};
/* End PBXNativeTarget section */

/* Begin PBXProject section */
		387BCC621F023FCC0052A700 /* Project object */ = {
			isa = PBXProject;
			attributes = {
				LastSwiftUpdateCheck = 0830;
				LastUpgradeCheck = 0830;
				ORGANIZATIONNAME = sijiechen3;
				TargetAttributes = {
					387BCC691F023FCC0052A700 = {
						CreatedOnToolsVersion = 8.3.3;
						DevelopmentTeam = 4S7XAGT677;
						LastSwiftMigration = 0830;
						ProvisioningStyle = Automatic;
					};
				};
			};
			buildConfigurationList = 387BCC651F023FCC0052A700 /* Build configuration list for PBXProject "CrediteaseAnimationDemo" */;
			compatibilityVersion = "Xcode 3.2";
			developmentRegion = English;
			hasScannedForEncodings = 0;
			knownRegions = (
				en,
				Base,
			);
			mainGroup = 387BCC611F023FCC0052A700;
			productRefGroup = 387BCC6B1F023FCC0052A700 /* Products */;
			projectDirPath = "";
			projectRoot = "";
			targets = (
				387BCC691F023FCC0052A700 /* CrediteaseAnimationDemo */,
			);
		};
/* End PBXProject section */

/* Begin PBXResourcesBuildPhase section */
		387BCC681F023FCC0052A700 /* Resources */ = {
			isa = PBXResourcesBuildPhase;
			buildActionMask = 2147483647;
			files = (
				387BCC781F023FCC0052A700 /* LaunchScreen.storyboard in Resources */,
				387BCC751F023FCC0052A700 /* Assets.xcassets in Resources */,
				387BCC731F023FCC0052A700 /* Main.storyboard in Resources */,
			);
			runOnlyForDeploymentPostprocessing = 0;
		};
/* End PBXResourcesBuildPhase section */

/* Begin PBXSourcesBuildPhase section */
		387BCC661F023FCC0052A700 /* Sources */ = {
			isa = PBXSourcesBuildPhase;
			buildActionMask = 2147483647;
			files = (
				387BCC941F02410E0052A700 /* PresentTransitioningDelegate.m in Sources */,
				387BCC701F023FCC0052A700 /* ViewController.swift in Sources */,
				387BCC911F02410E0052A700 /* DefaultDismissAnimation.m in Sources */,
				387BCC6E1F023FCC0052A700 /* AppDelegate.swift in Sources */,
				387BCC921F02410E0052A700 /* DefaultPresentAnimation.m in Sources */,
				387BCC961F02410E0052A700 /* UIViewController+Ts.m in Sources */,
				387BCC951F02410E0052A700 /* SwipeUpInteractiveTransition.m in Sources */,
			);
			runOnlyForDeploymentPostprocessing = 0;
		};
/* End PBXSourcesBuildPhase section */

/* Begin PBXVariantGroup section */
		387BCC711F023FCC0052A700 /* Main.storyboard */ = {
			isa = PBXVariantGroup;
			children = (
				387BCC721F023FCC0052A700 /* Base */,
			);
			name = Main.storyboard;
			sourceTree = "<group>";
		};
		387BCC761F023FCC0052A700 /* LaunchScreen.storyboard */ = {
			isa = PBXVariantGroup;
			children = (
				387BCC771F023FCC0052A700 /* Base */,
			);
			name = LaunchScreen.storyboard;
			sourceTree = "<group>";
		};
/* End PBXVariantGroup section */

/* Begin XCBuildConfiguration section */
		387BCC7A1F023FCC0052A700 /* Debug */ = {
			isa = XCBuildConfiguration;
			buildSettings = {
				ALWAYS_SEARCH_USER_PATHS = NO;
				CLANG_ANALYZER_NONNULL = YES;
				CLANG_ANALYZER_NUMBER_OBJECT_CONVERSION = YES_AGGRESSIVE;
				CLANG_CXX_LANGUAGE_STANDARD = "gnu++0x";
				CLANG_CXX_LIBRARY = "libc++";
				CLANG_ENABLE_MODULES = YES;
				CLANG_ENABLE_OBJC_ARC = YES;
				CLANG_WARN_BOOL_CONVERSION = YES;
				CLANG_WARN_CONSTANT_CONVERSION = YES;
				CLANG_WARN_DIRECT_OBJC_ISA_USAGE = YES_ERROR;
				CLANG_WARN_DOCUMENTATION_COMMENTS = YES;
				CLANG_WARN_EMPTY_BODY = YES;
				CLANG_WARN_ENUM_CONVERSION = YES;
				CLANG_WARN_INFINITE_RECURSION = YES;
				CLANG_WARN_INT_CONVERSION = YES;
				CLANG_WARN_OBJC_ROOT_CLASS = YES_ERROR;
				CLANG_WARN_SUSPICIOUS_MOVE = YES;
				CLANG_WARN_UNREACHABLE_CODE = YES;
				CLANG_WARN__DUPLICATE_METHOD_MATCH = YES;
				"CODE_SIGN_IDENTITY[sdk=iphoneos*]" = "iPhone Developer";
				COPY_PHASE_STRIP = NO;
				DEBUG_INFORMATION_FORMAT = dwarf;
				ENABLE_STRICT_OBJC_MSGSEND = YES;
				ENABLE_TESTABILITY = YES;
				GCC_C_LANGUAGE_STANDARD = gnu99;
				GCC_DYNAMIC_NO_PIC = NO;
				GCC_NO_COMMON_BLOCKS = YES;
				GCC_OPTIMIZATION_LEVEL = 0;
				GCC_PREPROCESSOR_DEFINITIONS = (
					"DEBUG=1",
					"$(inherited)",
				);
				GCC_WARN_64_TO_32_BIT_CONVERSION = YES;
				GCC_WARN_ABOUT_RETURN_TYPE = YES_ERROR;
				GCC_WARN_UNDECLARED_SELECTOR = YES;
				GCC_WARN_UNINITIALIZED_AUTOS = YES_AGGRESSIVE;
				GCC_WARN_UNUSED_FUNCTION = YES;
				GCC_WARN_UNUSED_VARIABLE = YES;
				IPHONEOS_DEPLOYMENT_TARGET = 10.3;
				MTL_ENABLE_DEBUG_INFO = YES;
				ONLY_ACTIVE_ARCH = YES;
				SDKROOT = iphoneos;
				SWIFT_ACTIVE_COMPILATION_CONDITIONS = DEBUG;
				SWIFT_OPTIMIZATION_LEVEL = "-Onone";
			};
			name = Debug;
		};
		387BCC7B1F023FCC0052A700 /* Release */ = {
			isa = XCBuildConfiguration;
			buildSettings = {
				ALWAYS_SEARCH_USER_PATHS = NO;
				CLANG_ANALYZER_NONNULL = YES;
				CLANG_ANALYZER_NUMBER_OBJECT_CONVERSION = YES_AGGRESSIVE;
				CLANG_CXX_LANGUAGE_STANDARD = "gnu++0x";
				CLANG_CXX_LIBRARY = "libc++";
				CLANG_ENABLE_MODULES = YES;
				CLANG_ENABLE_OBJC_ARC = YES;
				CLANG_WARN_BOOL_CONVERSION = YES;
				CLANG_WARN_CONSTANT_CONVERSION = YES;
				CLANG_WARN_DIRECT_OBJC_ISA_USAGE = YES_ERROR;
				CLANG_WARN_DOCUMENTATION_COMMENTS = YES;
				CLANG_WARN_EMPTY_BODY = YES;
				CLANG_WARN_ENUM_CONVERSION = YES;
				CLANG_WARN_INFINITE_RECURSION = YES;
				CLANG_WARN_INT_CONVERSION = YES;
				CLANG_WARN_OBJC_ROOT_CLASS = YES_ERROR;
				CLANG_WARN_SUSPICIOUS_MOVE = YES;
				CLANG_WARN_UNREACHABLE_CODE = YES;
				CLANG_WARN__DUPLICATE_METHOD_MATCH = YES;
				"CODE_SIGN_IDENTITY[sdk=iphoneos*]" = "iPhone Developer";
				COPY_PHASE_STRIP = NO;
				DEBUG_INFORMATION_FORMAT = "dwarf-with-dsym";
				ENABLE_NS_ASSERTIONS = NO;
				ENABLE_STRICT_OBJC_MSGSEND = YES;
				GCC_C_LANGUAGE_STANDARD = gnu99;
				GCC_NO_COMMON_BLOCKS = YES;
				GCC_WARN_64_TO_32_BIT_CONVERSION = YES;
				GCC_WARN_ABOUT_RETURN_TYPE = YES_ERROR;
				GCC_WARN_UNDECLARED_SELECTOR = YES;
				GCC_WARN_UNINITIALIZED_AUTOS = YES_AGGRESSIVE;
				GCC_WARN_UNUSED_FUNCTION = YES;
				GCC_WARN_UNUSED_VARIABLE = YES;
				IPHONEOS_DEPLOYMENT_TARGET = 10.3;
				MTL_ENABLE_DEBUG_INFO = NO;
				SDKROOT = iphoneos;
				SWIFT_OPTIMIZATION_LEVEL = "-Owholemodule";
				VALIDATE_PRODUCT = YES;
			};
			name = Release;
		};
		387BCC7D1F023FCC0052A700 /* Debug */ = {
			isa = XCBuildConfiguration;
			buildSettings = {
				ASSETCATALOG_COMPILER_APPICON_NAME = AppIcon;
				CLANG_ENABLE_MODULES = YES;
				DEVELOPMENT_TEAM = 4S7XAGT677;
				INFOPLIST_FILE = CrediteaseAnimationDemo/Info.plist;
				LD_RUNPATH_SEARCH_PATHS = "$(inherited) @executable_path/Frameworks";
				PRODUCT_BUNDLE_IDENTIFIER = com.creditease.CrediteaseAnimationDemo;
				PRODUCT_NAME = "$(TARGET_NAME)";
				SWIFT_OBJC_BRIDGING_HEADER = "CrediteaseAnimationDemo/CrediteaseAnimationDemo-Bridging-Header.h";
				SWIFT_OPTIMIZATION_LEVEL = "-Onone";
				SWIFT_VERSION = 3.0;
			};
			name = Debug;
		};
		387BCC7E1F023FCC0052A700 /* Release */ = {
			isa = XCBuildConfiguration;
			buildSettings = {
				ASSETCATALOG_COMPILER_APPICON_NAME = AppIcon;
				CLANG_ENABLE_MODULES = YES;
				DEVELOPMENT_TEAM = 4S7XAGT677;
				INFOPLIST_FILE = CrediteaseAnimationDemo/Info.plist;
				LD_RUNPATH_SEARCH_PATHS = "$(inherited) @executable_path/Frameworks";
				PRODUCT_BUNDLE_IDENTIFIER = com.creditease.CrediteaseAnimationDemo;
				PRODUCT_NAME = "$(TARGET_NAME)";
				SWIFT_OBJC_BRIDGING_HEADER = "CrediteaseAnimationDemo/CrediteaseAnimationDemo-Bridging-Header.h";
				SWIFT_VERSION = 3.0;
			};
			name = Release;
		};
/* End XCBuildConfiguration section */

/* Begin XCConfigurationList section */
		387BCC651F023FCC0052A700 /* Build configuration list for PBXProject "CrediteaseAnimationDemo" */ = {
			isa = XCConfigurationList;
			buildConfigurations = (
				387BCC7A1F023FCC0052A700 /* Debug */,
				387BCC7B1F023FCC0052A700 /* Release */,
			);
			defaultConfigurationIsVisible = 0;
			defaultConfigurationName = Release;
		};
		387BCC7C1F023FCC0052A700 /* Build configuration list for PBXNativeTarget "CrediteaseAnimationDemo" */ = {
			isa = XCConfigurationList;
			buildConfigurations = (
				387BCC7D1F023FCC0052A700 /* Debug */,
				387BCC7E1F023FCC0052A700 /* Release */,
			);
			defaultConfigurationIsVisible = 0;
			defaultConfigurationName = Release;
		};
/* End XCConfigurationList section */
	};
	rootObject = 387BCC621F023FCC0052A700 /* Project object */;
}
